dependencies:
- name: common
  repository: oci://registry-1.docker.io/bitnamicharts
  version: 2.31.3
- name: nectarlib
  repository: oci://registry.rc.nectar.org.au/nectar-helm
  version: 3.1.4
digest: sha256:d89499e42bc6afcff83a6160bac3fcf2fb4907383f391c11bcc4a09a808d20b9
generated: "2025-07-02T04:11:31.034777012Z"
