dependencies:
- name: common
  repository: oci://registry-1.docker.io/bitnamicharts
  version: 2.29.1
- name: nectarlib
  repository: oci://registry.rc.nectar.org.au/nectar-helm
  version: 3.0.2
digest: sha256:cb1e27162273908127931b8a46792d0981d36bdbfdd48832a22390f0d4c19a59
generated: "2025-02-05T03:09:30.01092685Z"
