dependencies:
- name: common
  repository: oci://registry-1.docker.io/bitnamicharts
  version: 2.30.2
- name: nectarlib
  repository: oci://registry.rc.nectar.org.au/nectar-helm
  version: 3.1.1
digest: sha256:1f6d1829ba59699a38d255ceae8e0b6bc9de25954ad7c15cc3649529d8ffe18c
generated: "2025-05-05T04:10:34.979537699Z"
